{
  "version": 4,
  "terraform_version": "1.3.4",
  "serial": 21,
  "lineage": "ea7ba2b5-a4fd-59d8-ef48-1ce1b1b0bcfa",
  "outputs": {
    "endpoint": {
      "value": "34.165.59.91",
      "type": "string"
    }
  },
  "resources": [
    {
      "module": "module.cluster.module.gke_with_node_group",
      "mode": "managed",
      "type": "google_compute_network",
      "name": "vpc",
      "provider": "module.cluster.module.gke_with_node_group.provider[\"registry.terraform.io/hashicorp/google\"].gke",
      "instances": [
        {
          "schema_version": 0,
          "attributes": {
            "auto_create_subnetworks": false,
            "delete_default_routes_on_create": false,
            "description": "",
            "enable_ula_internal_ipv6": false,
            "gateway_ipv4": "",
            "id": "projects/eli-tamsut-devops-assessment/global/networks/eli-tamsut-devops-assessment-vpc",
            "internal_ipv6_range": "",
            "mtu": 0,
            "name": "eli-tamsut-devops-assessment-vpc",
            "network_firewall_policy_enforcement_order": "AFTER_CLASSIC_FIREWALL",
            "numeric_id": "4930065079541236668",
            "project": "eli-tamsut-devops-assessment",
            "routing_mode": "REGIONAL",
            "self_link": "https://www.googleapis.com/compute/v1/projects/eli-tamsut-devops-assessment/global/networks/eli-tamsut-devops-assessment-vpc",
            "timeouts": null
          },
          "sensitive_attributes": [],
          "private": "eyJlMmJmYjczMC1lY2FhLTExZTYtOGY4OC0zNDM2M2JjN2M0YzAiOnsiY3JlYXRlIjoxMjAwMDAwMDAwMDAwLCJkZWxldGUiOjEyMDAwMDAwMDAwMDAsInVwZGF0ZSI6MTIwMDAwMDAwMDAwMH19"
        }
      ]
    },
    {
      "module": "module.cluster.module.gke_with_node_group",
      "mode": "managed",
      "type": "google_compute_subnetwork",
      "name": "vpc_subnet",
      "provider": "module.cluster.module.gke_with_node_group.provider[\"registry.terraform.io/hashicorp/google\"].gke",
      "instances": [
        {
          "schema_version": 0,
          "attributes": {
            "creation_timestamp": "2024-11-10T06:04:17.161-08:00",
            "description": "",
            "external_ipv6_prefix": "",
            "fingerprint": null,
            "gateway_address": "10.10.0.1",
            "id": "projects/eli-tamsut-devops-assessment/regions/me-west1/subnetworks/eli-tamsut-devops-assessment-subnet",
            "internal_ipv6_prefix": "",
            "ip_cidr_range": "10.10.0.0/24",
            "ipv6_access_type": "",
            "ipv6_cidr_range": "",
            "log_config": [],
            "name": "eli-tamsut-devops-assessment-subnet",
            "network": "https://www.googleapis.com/compute/v1/projects/eli-tamsut-devops-assessment/global/networks/eli-tamsut-devops-assessment-vpc",
            "private_ip_google_access": true,
            "private_ipv6_google_access": "DISABLE_GOOGLE_ACCESS",
            "project": "eli-tamsut-devops-assessment",
            "purpose": "PRIVATE",
            "region": "me-west1",
            "reserved_internal_range": "",
            "role": "",
            "secondary_ip_range": [
              {
                "ip_cidr_range": "10.56.0.0/14",
                "range_name": "gke-eli-tamsut-devops-assessment-gke-pods-70290457",
                "reserved_internal_range": "https://networkconnectivity.googleapis.com/v1/projects/eli-tamsut-devops-assessment/locations/global/internalRanges/gke-eli-tamsut-devops-assessment-gke-pods-70290457"
              }
            ],
            "self_link": "https://www.googleapis.com/compute/v1/projects/eli-tamsut-devops-assessment/regions/me-west1/subnetworks/eli-tamsut-devops-assessment-subnet",
            "send_secondary_ip_range_if_empty": null,
            "stack_type": "IPV4_ONLY",
            "timeouts": null
          },
          "sensitive_attributes": [],
          "private": "eyJlMmJmYjczMC1lY2FhLTExZTYtOGY4OC0zNDM2M2JjN2M0YzAiOnsiY3JlYXRlIjoxMjAwMDAwMDAwMDAwLCJkZWxldGUiOjEyMDAwMDAwMDAwMDAsInVwZGF0ZSI6MTIwMDAwMDAwMDAwMH19",
          "dependencies": [
            "module.cluster.module.gke_with_node_group.google_compute_network.vpc"
          ]
        }
      ]
    },
    {
      "module": "module.cluster.module.gke_with_node_group",
      "mode": "managed",
      "type": "google_container_cluster",
      "name": "primary",
      "provider": "module.cluster.module.gke_with_node_group.provider[\"registry.terraform.io/hashicorp/google\"]",
      "instances": [
        {
          "schema_version": 2,
          "attributes": {
            "addons_config": [
              {
                "cloudrun_config": [],
                "config_connector_config": [],
                "dns_cache_config": [],
                "gce_persistent_disk_csi_driver_config": [
                  {
                    "enabled": true
                  }
                ],
                "gcp_filestore_csi_driver_config": [],
                "gcs_fuse_csi_driver_config": [],
                "gke_backup_agent_config": [],
                "horizontal_pod_autoscaling": [],
                "http_load_balancing": [],
                "network_policy_config": [
                  {
                    "disabled": true
                  }
                ],
                "ray_operator_config": [],
                "stateful_ha_config": []
              }
            ],
            "allow_net_admin": null,
            "authenticator_groups_config": [],
            "binary_authorization": [
              {
                "enabled": false,
                "evaluation_mode": ""
              }
            ],
            "cluster_autoscaling": [
              {
                "auto_provisioning_defaults": [],
                "auto_provisioning_locations": [],
                "autoscaling_profile": "BALANCED",
                "enabled": false,
                "resource_limits": []
              }
            ],
            "cluster_ipv4_cidr": "10.56.0.0/14",
            "confidential_nodes": [],
            "cost_management_config": [],
            "database_encryption": [
              {
                "key_name": "",
                "state": "DECRYPTED"
              }
            ],
            "datapath_provider": "",
            "default_max_pods_per_node": 110,
            "default_snat_status": [
              {
                "disabled": false
              }
            ],
            "deletion_protection": true,
            "description": "",
            "dns_config": [],
            "effective_labels": {
              "goog-terraform-provisioned": "true"
            },
            "enable_autopilot": false,
            "enable_cilium_clusterwide_network_policy": false,
            "enable_intranode_visibility": false,
            "enable_k8s_beta_apis": [],
            "enable_kubernetes_alpha": false,
            "enable_l4_ilb_subsetting": false,
            "enable_legacy_abac": false,
            "enable_multi_networking": false,
            "enable_shielded_nodes": true,
            "enable_tpu": false,
            "endpoint": "34.165.59.91",
            "fleet": [],
            "gateway_api_config": [],
            "id": "projects/eli-tamsut-devops-assessment/locations/me-west1/clusters/eli-tamsut-devops-assessment-gke",
            "identity_service_config": [],
            "initial_node_count": 1,
            "ip_allocation_policy": [
              {
                "additional_pod_ranges_config": [],
                "cluster_ipv4_cidr_block": "10.56.0.0/14",
                "cluster_secondary_range_name": "gke-eli-tamsut-devops-assessment-gke-pods-70290457",
                "pod_cidr_overprovision_config": [
                  {
                    "disabled": false
                  }
                ],
                "services_ipv4_cidr_block": "34.118.224.0/20",
                "services_secondary_range_name": "",
                "stack_type": "IPV4"
              }
            ],
            "label_fingerprint": "78cdf2f6",
            "location": "me-west1",
            "logging_config": [
              {
                "enable_components": [
                  "SYSTEM_COMPONENTS",
                  "WORKLOADS"
                ]
              }
            ],
            "logging_service": "logging.googleapis.com/kubernetes",
            "maintenance_policy": [],
            "master_auth": [
              {
                "client_certificate": "",
                "client_certificate_config": [
                  {
                    "issue_client_certificate": false
                  }
                ],
                "client_key": "",
                "cluster_ca_certificate": "LS0tLS1CRUdJTiBDRVJUSUZJQ0FURS0tLS0tCk1JSUVMVENDQXBXZ0F3SUJBZ0lSQUpGR0dseStvYk4wdFNSVVdzUVZiRkl3RFFZSktvWklodmNOQVFFTEJRQXcKTHpFdE1Dc0dBMVVFQXhNa05EVXpabU5tTkdNdE0yUmxPUzAwTmpNNUxUazVOREV0T1dFME16TXdOalkwTVdVMQpNQ0FYRFRJME1URXhNREV6TURRME1Gb1lEekl3TlRReE1UQXpNVFF3TkRRd1dqQXZNUzB3S3dZRFZRUURFeVEwCk5UTm1ZMlkwWXkwelpHVTVMVFEyTXprdE9UazBNUzA1WVRRek16QTJOalF4WlRVd2dnR2lNQTBHQ1NxR1NJYjMKRFFFQkFRVUFBNElCandBd2dnR0tBb0lCZ1FEQXFBZzlxekt5YnhqMFJ3K2pjNkRZQ2lGeUkyUmxabC8rQkJRSApXUGp4cUUzR2pIVnRxOHFTY2pQV2FKU3dLdHlDRDJPc0lpTXR3b21QZlJhN0FuYmRvTFRHZ2R2L3ZGRDNweXJGCjlLNVBrUERXTkdvWGM4NEFXWUhXbCtrZ0pQRHpYQkt6SWlmSUNNV2V3L0wyNVVzbEgxZ0cxendKdG51V0d6ODQKWkVYWHZYV051VFBDY1BjUDJVaUMyUkNKWlBkSnlDTmJnQXFSWmFPUUNSOXNwMkladHZ4dVJzcjFTZXlaMkUxNgp6NzNBQXl6U2dEWlVpcGRUdSs4ZElaUEVRUHU5Q1N0UG1UVVBvWEdKN0FqdFlPOFVkMWdjaVl3dGUyU0djRGNwCjg0TU1NdGhVc3FxTFFOTzlnQlMxbVcxbk51WU0vMWlhdlRwVWNzeWVaUUpHNUlEZGxIWi9XYWlFZ3dXa0dWYWYKVGxvQ1VsYUVZNHhtSW9XN2NJY2d1V2VicStqaE1zVFlOZlcvbDRPbHFGekNQWjB6Z0pyaWNWOU1Kdm1QZTk1SwpYWlZuRmlZcDNzYU4wc3BTVndTZlNBejVweHFjTk1XYzBIamNnblFJUHo3ajBPbUZHS0NCUkpiNzVBQ0VTOHlHClE4RjkzN1RJeEo1d2VNMVoyUG5YbXFsaFRQVUNBd0VBQWFOQ01FQXdEZ1lEVlIwUEFRSC9CQVFEQWdJRU1BOEcKQTFVZEV3RUIvd1FGTUFNQkFmOHdIUVlEVlIwT0JCWUVGTDRFeGVob0VUSm1oUVNDV005Z3NFQ2RrUzhNTUEwRwpDU3FHU0liM0RRRUJDd1VBQTRJQmdRQlgyYXVPc3Uwd1VWeTVnV0p6OFk5OUlpUmJkNlRoMTdWbWc4UDdPT0d0CldrM1pYanpGYUo5OEI1My90bzBBOXVMUkVjOGpza3FiWGF3WmN6ZHlSUm5FY3kxcXBtQ0NjZlEvem9IL28yaVEKRkxkcTVxOXNPOURBZDg4VjFudU5iYUdpT0k1VWhnaFZIU0hpY09pTjZiQlpWQWg0eU0yNktKcHpYRnVCV1o4NAprKzJnVXpYNmgyWW1RK2VZNkdMdWdWbWVCcko5TnVKUWR4ZnZhaTV4aUxMemFuWFNONGdoeTdIVHZGbm5jZEI3CjZRdlo4UDFTWHdlT1E3cm55YXVGejBrS1FycXBKZ25ISW80a0hPUTJpTXR4S1Q1UDVmazBkMWluRGo0R25QMUoKREF3L2FwQWNVd21wZkd4K1V5Y3VDUDQ1eGJGS3pOQTZPR3JWNzBHTjVjN1JIQ0FGR0RRNld5aUZ2NDlXeG45MQpjRjY5aTQwYU9lWFZTR2hCU1c4K2lTdTNjb1pFdG44VlpQR0Nwc2JjOUJITENvSmwyenV4bUxaSU5kbThMekY2CmtmMWZSbW1uQVdjT0RrV3FWaThTSU9hSkJYZFl2dml6TzJCS0hQZkxZcXpSZ3J1UnFweTFNS0xDYytEcFMrSTEKWlNHYno2MEtGUzNCWFhIVmVOTHNvNXM9Ci0tLS0tRU5EIENFUlRJRklDQVRFLS0tLS0K"
              }
            ],
            "master_authorized_networks_config": [
              {
                "cidr_blocks": [
                  {
                    "cidr_block": "0.0.0.0/0",
                    "display_name": "All"
                  }
                ],
                "gcp_public_cidrs_access_enabled": true
              }
            ],
            "master_version": "1.30.5-gke.1443001",
            "mesh_certificates": [],
            "min_master_version": null,
            "monitoring_config": [
              {
                "advanced_datapath_observability_config": [
                  {
                    "enable_metrics": false,
                    "enable_relay": false
                  }
                ],
                "enable_components": [
                  "SYSTEM_COMPONENTS",
                  "STATEFULSET",
                  "STORAGE",
                  "HPA",
                  "POD",
                  "DAEMONSET",
                  "DEPLOYMENT",
                  "CADVISOR",
                  "KUBELET"
                ],
                "managed_prometheus": [
                  {
                    "enabled": true
                  }
                ]
              }
            ],
            "monitoring_service": "monitoring.googleapis.com/kubernetes",
            "name": "eli-tamsut-devops-assessment-gke",
            "network": "projects/eli-tamsut-devops-assessment/global/networks/eli-tamsut-devops-assessment-vpc",
            "network_policy": [
              {
                "enabled": false,
                "provider": "PROVIDER_UNSPECIFIED"
              }
            ],
            "networking_mode": "VPC_NATIVE",
            "node_config": [
              {
                "advanced_machine_features": [],
                "boot_disk_kms_key": "",
                "confidential_nodes": [],
                "containerd_config": [],
                "disk_size_gb": 100,
                "disk_type": "pd-balanced",
                "effective_taints": [],
                "enable_confidential_storage": false,
                "ephemeral_storage_local_ssd_config": [],
                "fast_socket": [],
                "gcfs_config": [],
                "guest_accelerator": [],
                "gvnic": [],
                "host_maintenance_policy": [],
                "image_type": "COS_CONTAINERD",
                "kubelet_config": [],
                "labels": {
                  "env": "eli-tamsut-devops-assessment"
                },
                "linux_node_config": [],
                "local_nvme_ssd_block_config": [],
                "local_ssd_count": 0,
                "logging_variant": "DEFAULT",
                "machine_type": "n2-standard-4",
                "metadata": {
                  "disable-legacy-endpoints": "true"
                },
                "min_cpu_platform": "",
                "node_group": "",
                "oauth_scopes": [
                  "https://www.googleapis.com/auth/logging.write",
                  "https://www.googleapis.com/auth/monitoring"
                ],
                "preemptible": false,
                "reservation_affinity": [],
                "resource_labels": {},
                "resource_manager_tags": {},
                "secondary_boot_disks": [],
                "service_account": "default",
                "shielded_instance_config": [
                  {
                    "enable_integrity_monitoring": true,
                    "enable_secure_boot": false
                  }
                ],
                "sole_tenant_config": [],
                "spot": false,
                "storage_pools": [],
                "tags": [
                  "gke-node",
                  "eli-tamsut-devops-assessment-gke"
                ],
                "taint": [],
                "workload_metadata_config": []
              }
            ],
            "node_locations": [
              "me-west1-a",
              "me-west1-b",
              "me-west1-c"
            ],
            "node_pool": [
              {
                "autoscaling": [],
                "initial_node_count": 2,
                "instance_group_urls": [
                  "https://www.googleapis.com/compute/v1/projects/eli-tamsut-devops-assessment/zones/me-west1-a/instanceGroupManagers/gke-eli-tamsut-devop-primary-node-poo-5056052c-grp",
                  "https://www.googleapis.com/compute/v1/projects/eli-tamsut-devops-assessment/zones/me-west1-b/instanceGroupManagers/gke-eli-tamsut-devop-primary-node-poo-54ae7766-grp",
                  "https://www.googleapis.com/compute/v1/projects/eli-tamsut-devops-assessment/zones/me-west1-c/instanceGroupManagers/gke-eli-tamsut-devop-primary-node-poo-5798284d-grp"
                ],
                "managed_instance_group_urls": [
                  "https://www.googleapis.com/compute/v1/projects/eli-tamsut-devops-assessment/zones/me-west1-a/instanceGroups/gke-eli-tamsut-devop-primary-node-poo-5056052c-grp",
                  "https://www.googleapis.com/compute/v1/projects/eli-tamsut-devops-assessment/zones/me-west1-b/instanceGroups/gke-eli-tamsut-devop-primary-node-poo-54ae7766-grp",
                  "https://www.googleapis.com/compute/v1/projects/eli-tamsut-devops-assessment/zones/me-west1-c/instanceGroups/gke-eli-tamsut-devop-primary-node-poo-5798284d-grp"
                ],
                "management": [
                  {
                    "auto_repair": true,
                    "auto_upgrade": true
                  }
                ],
                "max_pods_per_node": 110,
                "name": "primary-node-pool",
                "name_prefix": "",
                "network_config": [
                  {
                    "additional_node_network_configs": [],
                    "additional_pod_network_configs": [],
                    "create_pod_range": false,
                    "enable_private_nodes": false,
                    "network_performance_config": [],
                    "pod_cidr_overprovision_config": [],
                    "pod_ipv4_cidr_block": "10.56.0.0/14",
                    "pod_range": "gke-eli-tamsut-devops-assessment-gke-pods-70290457"
                  }
                ],
                "node_config": [
                  {
                    "advanced_machine_features": [],
                    "boot_disk_kms_key": "",
                    "confidential_nodes": [],
                    "containerd_config": [],
                    "disk_size_gb": 100,
                    "disk_type": "pd-balanced",
                    "effective_taints": [],
                    "enable_confidential_storage": false,
                    "ephemeral_storage_local_ssd_config": [],
                    "fast_socket": [],
                    "gcfs_config": [],
                    "guest_accelerator": [],
                    "gvnic": [],
                    "host_maintenance_policy": [],
                    "image_type": "COS_CONTAINERD",
                    "kubelet_config": [],
                    "labels": {
                      "env": "eli-tamsut-devops-assessment"
                    },
                    "linux_node_config": [],
                    "local_nvme_ssd_block_config": [],
                    "local_ssd_count": 0,
                    "logging_variant": "DEFAULT",
                    "machine_type": "n2-standard-4",
                    "metadata": {
                      "disable-legacy-endpoints": "true"
                    },
                    "min_cpu_platform": "",
                    "node_group": "",
                    "oauth_scopes": [
                      "https://www.googleapis.com/auth/logging.write",
                      "https://www.googleapis.com/auth/monitoring"
                    ],
                    "preemptible": false,
                    "reservation_affinity": [],
                    "resource_labels": {},
                    "resource_manager_tags": {},
                    "secondary_boot_disks": [],
                    "service_account": "default",
                    "shielded_instance_config": [
                      {
                        "enable_integrity_monitoring": true,
                        "enable_secure_boot": false
                      }
                    ],
                    "sole_tenant_config": [],
                    "spot": false,
                    "storage_pools": [],
                    "tags": [
                      "gke-node",
                      "eli-tamsut-devops-assessment-gke"
                    ],
                    "taint": [],
                    "workload_metadata_config": []
                  }
                ],
                "node_count": 2,
                "node_locations": [
                  "me-west1-a",
                  "me-west1-b",
                  "me-west1-c"
                ],
                "placement_policy": [],
                "queued_provisioning": [],
                "upgrade_settings": [
                  {
                    "blue_green_settings": [],
                    "max_surge": 1,
                    "max_unavailable": 0,
                    "strategy": "SURGE"
                  }
                ],
                "version": "1.30.5-gke.1443001"
              }
            ],
            "node_pool_auto_config": [],
            "node_pool_defaults": [
              {
                "node_config_defaults": [
                  {
                    "containerd_config": [],
                    "gcfs_config": [],
                    "insecure_kubelet_readonly_port_enabled": "FALSE",
                    "logging_variant": "DEFAULT"
                  }
                ]
              }
            ],
            "node_version": "1.30.5-gke.1443001",
            "notification_config": [
              {
                "pubsub": [
                  {
                    "enabled": false,
                    "filter": [],
                    "topic": ""
                  }
                ]
              }
            ],
            "operation": null,
            "private_cluster_config": [
              {
                "enable_private_endpoint": false,
                "enable_private_nodes": false,
                "master_global_access_config": [
                  {
                    "enabled": false
                  }
                ],
                "master_ipv4_cidr_block": "",
                "peering_name": "",
                "private_endpoint": "10.10.0.2",
                "private_endpoint_subnetwork": "",
                "public_endpoint": "34.165.59.91"
              }
            ],
            "private_ipv6_google_access": "",
            "project": "eli-tamsut-devops-assessment",
            "release_channel": [
              {
                "channel": "REGULAR"
              }
            ],
            "remove_default_node_pool": true,
            "resource_labels": {},
            "resource_usage_export_config": [],
            "secret_manager_config": [
              {
                "enabled": false
              }
            ],
            "security_posture_config": [
              {
                "mode": "BASIC",
                "vulnerability_mode": "VULNERABILITY_MODE_UNSPECIFIED"
              }
            ],
            "self_link": "https://container.googleapis.com/v1/projects/eli-tamsut-devops-assessment/locations/me-west1/clusters/eli-tamsut-devops-assessment-gke",
            "service_external_ips_config": [
              {
                "enabled": false
              }
            ],
            "services_ipv4_cidr": "34.118.224.0/20",
            "subnetwork": "projects/eli-tamsut-devops-assessment/regions/me-west1/subnetworks/eli-tamsut-devops-assessment-subnet",
            "terraform_labels": {
              "goog-terraform-provisioned": "true"
            },
            "timeouts": null,
            "tpu_ipv4_cidr_block": "",
            "vertical_pod_autoscaling": [],
            "workload_identity_config": []
          },
          "sensitive_attributes": [],
          "private": "eyJlMmJmYjczMC1lY2FhLTExZTYtOGY4OC0zNDM2M2JjN2M0YzAiOnsiY3JlYXRlIjoyNDAwMDAwMDAwMDAwLCJkZWxldGUiOjI0MDAwMDAwMDAwMDAsInJlYWQiOjI0MDAwMDAwMDAwMDAsInVwZGF0ZSI6MzYwMDAwMDAwMDAwMH0sInNjaGVtYV92ZXJzaW9uIjoiMiJ9",
          "dependencies": [
            "module.cluster.module.gke_with_node_group.google_compute_network.vpc",
            "module.cluster.module.gke_with_node_group.google_compute_subnetwork.vpc_subnet"
          ]
        }
      ]
    },
    {
      "module": "module.cluster.module.gke_with_node_group",
      "mode": "managed",
      "type": "google_container_node_pool",
      "name": "primary_nodes",
      "provider": "module.cluster.module.gke_with_node_group.provider[\"registry.terraform.io/hashicorp/google\"]",
      "instances": [
        {
          "schema_version": 1,
          "attributes": {
            "autoscaling": [],
            "cluster": "eli-tamsut-devops-assessment-gke",
            "id": "projects/eli-tamsut-devops-assessment/locations/me-west1/clusters/eli-tamsut-devops-assessment-gke/nodePools/primary-node-pool",
            "initial_node_count": 2,
            "instance_group_urls": [
              "https://www.googleapis.com/compute/v1/projects/eli-tamsut-devops-assessment/zones/me-west1-a/instanceGroupManagers/gke-eli-tamsut-devop-primary-node-poo-5056052c-grp",
              "https://www.googleapis.com/compute/v1/projects/eli-tamsut-devops-assessment/zones/me-west1-b/instanceGroupManagers/gke-eli-tamsut-devop-primary-node-poo-54ae7766-grp",
              "https://www.googleapis.com/compute/v1/projects/eli-tamsut-devops-assessment/zones/me-west1-c/instanceGroupManagers/gke-eli-tamsut-devop-primary-node-poo-5798284d-grp"
            ],
            "location": "me-west1",
            "managed_instance_group_urls": [
              "https://www.googleapis.com/compute/v1/projects/eli-tamsut-devops-assessment/zones/me-west1-a/instanceGroups/gke-eli-tamsut-devop-primary-node-poo-5056052c-grp",
              "https://www.googleapis.com/compute/v1/projects/eli-tamsut-devops-assessment/zones/me-west1-b/instanceGroups/gke-eli-tamsut-devop-primary-node-poo-54ae7766-grp",
              "https://www.googleapis.com/compute/v1/projects/eli-tamsut-devops-assessment/zones/me-west1-c/instanceGroups/gke-eli-tamsut-devop-primary-node-poo-5798284d-grp"
            ],
            "management": [
              {
                "auto_repair": true,
                "auto_upgrade": true
              }
            ],
            "max_pods_per_node": 110,
            "name": "primary-node-pool",
            "name_prefix": "",
            "network_config": [
              {
                "additional_node_network_configs": [],
                "additional_pod_network_configs": [],
                "create_pod_range": false,
                "enable_private_nodes": false,
                "network_performance_config": [],
                "pod_cidr_overprovision_config": [],
                "pod_ipv4_cidr_block": "10.56.0.0/14",
                "pod_range": "gke-eli-tamsut-devops-assessment-gke-pods-70290457"
              }
            ],
            "node_config": [
              {
                "advanced_machine_features": [],
                "boot_disk_kms_key": "",
                "confidential_nodes": [],
                "containerd_config": [],
                "disk_size_gb": 100,
                "disk_type": "pd-balanced",
                "effective_taints": [],
                "enable_confidential_storage": false,
                "ephemeral_storage_local_ssd_config": [],
                "fast_socket": [],
                "gcfs_config": [],
                "guest_accelerator": [],
                "gvnic": [],
                "host_maintenance_policy": [],
                "image_type": "COS_CONTAINERD",
                "kubelet_config": [],
                "labels": {
                  "env": "eli-tamsut-devops-assessment"
                },
                "linux_node_config": [],
                "local_nvme_ssd_block_config": [],
                "local_ssd_count": 0,
                "logging_variant": "DEFAULT",
                "machine_type": "n2-standard-4",
                "metadata": {
                  "disable-legacy-endpoints": "true"
                },
                "min_cpu_platform": "",
                "node_group": "",
                "oauth_scopes": [
                  "https://www.googleapis.com/auth/logging.write",
                  "https://www.googleapis.com/auth/monitoring"
                ],
                "preemptible": false,
                "reservation_affinity": [],
                "resource_labels": {},
                "resource_manager_tags": {},
                "secondary_boot_disks": [],
                "service_account": "default",
                "shielded_instance_config": [
                  {
                    "enable_integrity_monitoring": true,
                    "enable_secure_boot": false
                  }
                ],
                "sole_tenant_config": [],
                "spot": false,
                "storage_pools": [],
                "tags": [
                  "gke-node",
                  "eli-tamsut-devops-assessment-gke"
                ],
                "taint": [],
                "workload_metadata_config": []
              }
            ],
            "node_count": 2,
            "node_locations": [
              "me-west1-a",
              "me-west1-b",
              "me-west1-c"
            ],
            "operation": null,
            "placement_policy": [],
            "project": "eli-tamsut-devops-assessment",
            "queued_provisioning": [],
            "timeouts": null,
            "upgrade_settings": [
              {
                "blue_green_settings": [],
                "max_surge": 1,
                "max_unavailable": 0,
                "strategy": "SURGE"
              }
            ],
            "version": "1.30.5-gke.1443001"
          },
          "sensitive_attributes": [],
          "private": "eyJlMmJmYjczMC1lY2FhLTExZTYtOGY4OC0zNDM2M2JjN2M0YzAiOnsiY3JlYXRlIjoxODAwMDAwMDAwMDAwLCJkZWxldGUiOjE4MDAwMDAwMDAwMDAsInVwZGF0ZSI6MTgwMDAwMDAwMDAwMH0sInNjaGVtYV92ZXJzaW9uIjoiMSJ9",
          "dependencies": [
            "module.cluster.module.gke_with_node_group.google_compute_network.vpc",
            "module.cluster.module.gke_with_node_group.google_compute_subnetwork.vpc_subnet",
            "module.cluster.module.gke_with_node_group.google_container_cluster.primary"
          ]
        }
      ]
    },
    {
      "module": "module.cluster.module.vpc_with_subnets",
      "mode": "managed",
      "type": "google_compute_network",
      "name": "vpc",
      "provider": "module.cluster.module.vpc_with_subnets.provider[\"registry.terraform.io/hashicorp/google\"]",
      "instances": [
        {
          "schema_version": 0,
          "attributes": {
            "auto_create_subnetworks": false,
            "delete_default_routes_on_create": false,
            "description": "",
            "enable_ula_internal_ipv6": false,
            "gateway_ipv4": "",
            "id": "projects/eli-tamsut-devops-assessment/global/networks/test-gke",
            "internal_ipv6_range": "",
            "mtu": 0,
            "name": "test-gke",
            "network_firewall_policy_enforcement_order": "AFTER_CLASSIC_FIREWALL",
            "numeric_id": "7963985129387163031",
            "project": "eli-tamsut-devops-assessment",
            "routing_mode": "REGIONAL",
            "self_link": "https://www.googleapis.com/compute/v1/projects/eli-tamsut-devops-assessment/global/networks/test-gke",
            "timeouts": null
          },
          "sensitive_attributes": [],
          "private": "eyJlMmJmYjczMC1lY2FhLTExZTYtOGY4OC0zNDM2M2JjN2M0YzAiOnsiY3JlYXRlIjoxMjAwMDAwMDAwMDAwLCJkZWxldGUiOjEyMDAwMDAwMDAwMDAsInVwZGF0ZSI6MTIwMDAwMDAwMDAwMH19"
        }
      ]
    },
    {
      "module": "module.cluster.module.vpc_with_subnets",
      "mode": "managed",
      "type": "google_compute_subnetwork",
      "name": "subnet",
      "provider": "module.cluster.module.vpc_with_subnets.provider[\"registry.terraform.io/hashicorp/google\"].gke",
      "instances": [
        {
          "schema_version": 0,
          "attributes": {
            "creation_timestamp": "2024-11-10T06:30:30.175-08:00",
            "description": "",
            "external_ipv6_prefix": "",
            "fingerprint": null,
            "gateway_address": "10.1.0.1",
            "id": "projects/eli-tamsut-devops-assessment/regions/me-west1/subnetworks/test-gke",
            "internal_ipv6_prefix": "",
            "ip_cidr_range": "10.1.0.0/16",
            "ipv6_access_type": "",
            "ipv6_cidr_range": "",
            "log_config": [],
            "name": "test-gke",
            "network": "https://www.googleapis.com/compute/v1/projects/eli-tamsut-devops-assessment/global/networks/test-gke",
            "private_ip_google_access": false,
            "private_ipv6_google_access": "DISABLE_GOOGLE_ACCESS",
            "project": "eli-tamsut-devops-assessment",
            "purpose": "PRIVATE",
            "region": "me-west1",
            "reserved_internal_range": "",
            "role": "",
            "secondary_ip_range": [],
            "self_link": "https://www.googleapis.com/compute/v1/projects/eli-tamsut-devops-assessment/regions/me-west1/subnetworks/test-gke",
            "send_secondary_ip_range_if_empty": null,
            "stack_type": "IPV4_ONLY",
            "timeouts": null
          },
          "sensitive_attributes": [],
          "private": "eyJlMmJmYjczMC1lY2FhLTExZTYtOGY4OC0zNDM2M2JjN2M0YzAiOnsiY3JlYXRlIjoxMjAwMDAwMDAwMDAwLCJkZWxldGUiOjEyMDAwMDAwMDAwMDAsInVwZGF0ZSI6MTIwMDAwMDAwMDAwMH19",
          "dependencies": [
            "module.cluster.module.vpc_with_subnets.google_compute_network.vpc"
          ]
        }
      ]
    }
  ],
  "check_results": null
}
